// !$*UTF8*$!
{
	archiveVersion = 1;
	classes = {
	};
	objectVersion = 46;
	objects = {

/* Begin PBXBuildFile section */
		172FBC8C1C15140300CF2C71 /* Person.swift in Sources */ = {isa = PBXBuildFile; fileRef = 172FBC8B1C15140300CF2C71 /* Person.swift */; };
		172FBC921C152DA500CF2C71 /* StructMappingTests.swift in Sources */ = {isa = PBXBuildFile; fileRef = 172FBC911C152DA500CF2C71 /* StructMappingTests.swift */; };
		175C9A3D1C311D8400B0D6E7 /* Crust.h in Headers */ = {isa = PBXBuildFile; fileRef = 175C9A3C1C311D8400B0D6E7 /* Crust.h */; settings = {ATTRIBUTES = (Public, ); }; };
		175C9A431C311DB200B0D6E7 /* Mapper.swift in Sources */ = {isa = PBXBuildFile; fileRef = 17F95FFD1BCB39C400CC6D4A /* Mapper.swift */; };
		175C9A441C311DB200B0D6E7 /* MappingOperator.swift in Sources */ = {isa = PBXBuildFile; fileRef = 17F95FFE1BCB39C400CC6D4A /* MappingOperator.swift */; };
		175C9A451C311DB200B0D6E7 /* MappingProtocols.swift in Sources */ = {isa = PBXBuildFile; fileRef = 17B583521C24B0B7005DBFA6 /* MappingProtocols.swift */; };
		175C9A471C311DB200B0D6E7 /* AnyAdapter.swift in Sources */ = {isa = PBXBuildFile; fileRef = 172FBC8F1C15279C00CF2C71 /* AnyAdapter.swift */; };
		175C9A921C38A0A900B0D6E7 /* Mocks.swift in Sources */ = {isa = PBXBuildFile; fileRef = 175C9A911C38A0A900B0D6E7 /* Mocks.swift */; };
		176675441BD31F3F0013DE5F /* EmployeeMappingTests.swift in Sources */ = {isa = PBXBuildFile; fileRef = 176675431BD31F3F0013DE5F /* EmployeeMappingTests.swift */; };
		1767B72B1DF776FD00DE693C /* Crust.framework in Frameworks */ = {isa = PBXBuildFile; fileRef = 175C9A3A1C311D8400B0D6E7 /* Crust.framework */; };
		1767B73B1DF778E700DE693C /* Company.swift in Sources */ = {isa = PBXBuildFile; fileRef = 1767B7311DF778E700DE693C /* Company.swift */; };
		1767B73C1DF778E700DE693C /* CompanyMappingTests.swift in Sources */ = {isa = PBXBuildFile; fileRef = 1767B7321DF778E700DE693C /* CompanyMappingTests.swift */; };
		1767B73D1DF778E700DE693C /* CompanyStub.swift in Sources */ = {isa = PBXBuildFile; fileRef = 1767B7331DF778E700DE693C /* CompanyStub.swift */; };
		1767B73E1DF778E700DE693C /* Employee.swift in Sources */ = {isa = PBXBuildFile; fileRef = 1767B7341DF778E700DE693C /* Employee.swift */; };
		1767B73F1DF778E700DE693C /* EmployeeMappingTests.swift in Sources */ = {isa = PBXBuildFile; fileRef = 1767B7351DF778E700DE693C /* EmployeeMappingTests.swift */; };
		1767B7401DF778E700DE693C /* EmployeeStub.swift in Sources */ = {isa = PBXBuildFile; fileRef = 1767B7361DF778E700DE693C /* EmployeeStub.swift */; };
		1767B7411DF778E700DE693C /* Operators.swift in Sources */ = {isa = PBXBuildFile; fileRef = 1767B7371DF778E700DE693C /* Operators.swift */; };
		1767B7421DF778E700DE693C /* PrimaryKeyTests.swift in Sources */ = {isa = PBXBuildFile; fileRef = 1767B7381DF778E700DE693C /* PrimaryKeyTests.swift */; };
		1767B7431DF778E700DE693C /* RealmMappingTest.swift in Sources */ = {isa = PBXBuildFile; fileRef = 1767B7391DF778E700DE693C /* RealmMappingTest.swift */; };
		1767B7441DF778E700DE693C /* Tests.swift in Sources */ = {isa = PBXBuildFile; fileRef = 1767B73A1DF778E700DE693C /* Tests.swift */; };
		1767B7461DF7793800DE693C /* RealmMappings.swift in Sources */ = {isa = PBXBuildFile; fileRef = 1767B7451DF7793800DE693C /* RealmMappings.swift */; };
		1767B7481DF78F0B00DE693C /* RLMSupport.swift in Sources */ = {isa = PBXBuildFile; fileRef = 1767B7471DF78F0B00DE693C /* RLMSupport.swift */; };
		1767B74D1DF7A68900DE693C /* RLMArray+Utilities.m in Sources */ = {isa = PBXBuildFile; fileRef = 1767B74C1DF7A68900DE693C /* RLMArray+Utilities.m */; };
		1767B7501DF7B24400DE693C /* Models.m in Sources */ = {isa = PBXBuildFile; fileRef = 1767B74F1DF7B24400DE693C /* Models.m */; };
		17B583511C249E5E005DBFA6 /* TransformTests.swift in Sources */ = {isa = PBXBuildFile; fileRef = 17B583501C249E5E005DBFA6 /* TransformTests.swift */; };
		17B583561C24B965005DBFA6 /* Company.swift in Sources */ = {isa = PBXBuildFile; fileRef = 17B583541C24B965005DBFA6 /* Company.swift */; };
		17B583571C24B965005DBFA6 /* Employee.swift in Sources */ = {isa = PBXBuildFile; fileRef = 17B583551C24B965005DBFA6 /* Employee.swift */; };
		17B983CE1BDC8B6A006BD35C /* EmployeeStub.swift in Sources */ = {isa = PBXBuildFile; fileRef = 17B983CD1BDC8B6A006BD35C /* EmployeeStub.swift */; };
		17B983D01BDC8B95006BD35C /* Operators.swift in Sources */ = {isa = PBXBuildFile; fileRef = 17B983CF1BDC8B95006BD35C /* Operators.swift */; };
		17B983D41BDC8D7E006BD35C /* CompanyMappingTests.swift in Sources */ = {isa = PBXBuildFile; fileRef = 17B983D31BDC8D7E006BD35C /* CompanyMappingTests.swift */; };
		17B983D61BDC8DB1006BD35C /* CompanyStub.swift in Sources */ = {isa = PBXBuildFile; fileRef = 17B983D51BDC8DB1006BD35C /* CompanyStub.swift */; };
		17C7A7651BF9665500B0D5F5 /* CRMapperTests.swift in Sources */ = {isa = PBXBuildFile; fileRef = 17C7A7641BF9665500B0D5F5 /* CRMapperTests.swift */; };
		17FEBDDC1EB8404400F1257B /* KeyPath.swift in Sources */ = {isa = PBXBuildFile; fileRef = 17FEBDDB1EB8404400F1257B /* KeyPath.swift */; };
		29DE497B2A9E4FA2A31192FF /* Pods_Crust_RealmCrustTests.framework in Frameworks */ = {isa = PBXBuildFile; fileRef = DED40EDD9475BB525B3AEE0E /* Pods_Crust_RealmCrustTests.framework */; };
		3C1EAD7F3E1C53F7D78345FD /* Pods_Crust.framework in Frameworks */ = {isa = PBXBuildFile; fileRef = 28F442A36FBC57DF1CD33439 /* Pods_Crust.framework */; };
		97101AED7BD14AF79D49A8FA /* Pods_Crust_CrustTests.framework in Frameworks */ = {isa = PBXBuildFile; fileRef = 9343FCC42E1A2DE8316C0D87 /* Pods_Crust_CrustTests.framework */; };
		CD2014201E30135100D16F14 /* CollectionMappingTests.swift in Sources */ = {isa = PBXBuildFile; fileRef = CD20141F1E30135100D16F14 /* CollectionMappingTests.swift */; };
		CD57E9561EAEB39800FB4C80 /* Utilities.swift in Sources */ = {isa = PBXBuildFile; fileRef = CD57E9551EAEB39800FB4C80 /* Utilities.swift */; };
		CD57E9581EAEB7F300FB4C80 /* CollectionMappingTests.swift in Sources */ = {isa = PBXBuildFile; fileRef = CD57E9571EAEB7F300FB4C80 /* CollectionMappingTests.swift */; };
		CD57E95A1EAFEE8B00FB4C80 /* NestedMappingTests.swift in Sources */ = {isa = PBXBuildFile; fileRef = CD57E9591EAFEE8B00FB4C80 /* NestedMappingTests.swift */; };
		CD57E95C1EAFF46300FB4C80 /* NestedMappingTests.swift in Sources */ = {isa = PBXBuildFile; fileRef = CD57E95B1EAFF46300FB4C80 /* NestedMappingTests.swift */; };
		CDFA6C8F1E4BE45D00E30982 /* RLMArrayBridge.swift in Sources */ = {isa = PBXBuildFile; fileRef = CDFA6C8E1E4BE45D00E30982 /* RLMArrayBridge.swift */; };
/* End PBXBuildFile section */

/* Begin PBXContainerItemProxy section */
		175C9A511C311F4C00B0D6E7 /* PBXContainerItemProxy */ = {
			isa = PBXContainerItemProxy;
			containerPortal = 26951C171AFB401A007B0E07 /* Project object */;
			proxyType = 1;
			remoteGlobalIDString = 175C9A391C311D8400B0D6E7;
			remoteInfo = Crust;
		};
		1767B72C1DF776FD00DE693C /* PBXContainerItemProxy */ = {
			isa = PBXContainerItemProxy;
			containerPortal = 26951C171AFB401A007B0E07 /* Project object */;
			proxyType = 1;
			remoteGlobalIDString = 175C9A391C311D8400B0D6E7;
			remoteInfo = Crust;
		};
/* End PBXContainerItemProxy section */

/* Begin PBXFileReference section */
		172FBC8B1C15140300CF2C71 /* Person.swift */ = {isa = PBXFileReference; fileEncoding = 4; lastKnownFileType = sourcecode.swift; lineEnding = 0; path = Person.swift; sourceTree = "<group>"; xcLanguageSpecificationIdentifier = xcode.lang.swift; };
		172FBC8F1C15279C00CF2C71 /* AnyAdapter.swift */ = {isa = PBXFileReference; fileEncoding = 4; lastKnownFileType = sourcecode.swift; lineEnding = 0; path = AnyAdapter.swift; sourceTree = "<group>"; xcLanguageSpecificationIdentifier = xcode.lang.swift; };
		172FBC911C152DA500CF2C71 /* StructMappingTests.swift */ = {isa = PBXFileReference; fileEncoding = 4; lastKnownFileType = sourcecode.swift; lineEnding = 0; path = StructMappingTests.swift; sourceTree = "<group>"; xcLanguageSpecificationIdentifier = xcode.lang.swift; };
		175C9A3A1C311D8400B0D6E7 /* Crust.framework */ = {isa = PBXFileReference; explicitFileType = wrapper.framework; includeInIndex = 0; path = Crust.framework; sourceTree = BUILT_PRODUCTS_DIR; };
		175C9A3C1C311D8400B0D6E7 /* Crust.h */ = {isa = PBXFileReference; lastKnownFileType = sourcecode.c.h; path = Crust.h; sourceTree = "<group>"; };
		175C9A481C311DD000B0D6E7 /* Pods.framework */ = {isa = PBXFileReference; lastKnownFileType = wrapper.framework; name = Pods.framework; path = "Pods/../build/Debug-iphoneos/Pods.framework"; sourceTree = "<group>"; };
		175C9A911C38A0A900B0D6E7 /* Mocks.swift */ = {isa = PBXFileReference; fileEncoding = 4; lastKnownFileType = sourcecode.swift; lineEnding = 0; path = Mocks.swift; sourceTree = "<group>"; xcLanguageSpecificationIdentifier = xcode.lang.swift; };
		176675431BD31F3F0013DE5F /* EmployeeMappingTests.swift */ = {isa = PBXFileReference; fileEncoding = 4; lastKnownFileType = sourcecode.swift; lineEnding = 0; path = EmployeeMappingTests.swift; sourceTree = "<group>"; xcLanguageSpecificationIdentifier = xcode.lang.swift; };
		1767B7261DF776FD00DE693C /* RealmCrustTests.xctest */ = {isa = PBXFileReference; explicitFileType = wrapper.cfbundle; includeInIndex = 0; path = RealmCrustTests.xctest; sourceTree = BUILT_PRODUCTS_DIR; };
		1767B72A1DF776FD00DE693C /* Info.plist */ = {isa = PBXFileReference; lastKnownFileType = text.plist.xml; path = Info.plist; sourceTree = "<group>"; };
		1767B7311DF778E700DE693C /* Company.swift */ = {isa = PBXFileReference; fileEncoding = 4; lastKnownFileType = sourcecode.swift; lineEnding = 0; path = Company.swift; sourceTree = "<group>"; xcLanguageSpecificationIdentifier = xcode.lang.swift; };
		1767B7321DF778E700DE693C /* CompanyMappingTests.swift */ = {isa = PBXFileReference; fileEncoding = 4; lastKnownFileType = sourcecode.swift; lineEnding = 0; path = CompanyMappingTests.swift; sourceTree = "<group>"; xcLanguageSpecificationIdentifier = xcode.lang.swift; };
		1767B7331DF778E700DE693C /* CompanyStub.swift */ = {isa = PBXFileReference; fileEncoding = 4; lastKnownFileType = sourcecode.swift; path = CompanyStub.swift; sourceTree = "<group>"; };
		1767B7341DF778E700DE693C /* Employee.swift */ = {isa = PBXFileReference; fileEncoding = 4; lastKnownFileType = sourcecode.swift; lineEnding = 0; path = Employee.swift; sourceTree = "<group>"; xcLanguageSpecificationIdentifier = xcode.lang.swift; };
		1767B7351DF778E700DE693C /* EmployeeMappingTests.swift */ = {isa = PBXFileReference; fileEncoding = 4; lastKnownFileType = sourcecode.swift; lineEnding = 0; path = EmployeeMappingTests.swift; sourceTree = "<group>"; xcLanguageSpecificationIdentifier = xcode.lang.swift; };
		1767B7361DF778E700DE693C /* EmployeeStub.swift */ = {isa = PBXFileReference; fileEncoding = 4; lastKnownFileType = sourcecode.swift; path = EmployeeStub.swift; sourceTree = "<group>"; };
		1767B7371DF778E700DE693C /* Operators.swift */ = {isa = PBXFileReference; fileEncoding = 4; lastKnownFileType = sourcecode.swift; path = Operators.swift; sourceTree = "<group>"; };
		1767B7381DF778E700DE693C /* PrimaryKeyTests.swift */ = {isa = PBXFileReference; fileEncoding = 4; lastKnownFileType = sourcecode.swift; lineEnding = 0; path = PrimaryKeyTests.swift; sourceTree = "<group>"; xcLanguageSpecificationIdentifier = xcode.lang.swift; };
		1767B7391DF778E700DE693C /* RealmMappingTest.swift */ = {isa = PBXFileReference; fileEncoding = 4; lastKnownFileType = sourcecode.swift; path = RealmMappingTest.swift; sourceTree = "<group>"; };
		1767B73A1DF778E700DE693C /* Tests.swift */ = {isa = PBXFileReference; fileEncoding = 4; lastKnownFileType = sourcecode.swift; lineEnding = 0; path = Tests.swift; sourceTree = "<group>"; xcLanguageSpecificationIdentifier = xcode.lang.swift; };
		1767B7451DF7793800DE693C /* RealmMappings.swift */ = {isa = PBXFileReference; fileEncoding = 4; lastKnownFileType = sourcecode.swift; lineEnding = 0; path = RealmMappings.swift; sourceTree = "<group>"; xcLanguageSpecificationIdentifier = xcode.lang.swift; };
		1767B7471DF78F0B00DE693C /* RLMSupport.swift */ = {isa = PBXFileReference; fileEncoding = 4; lastKnownFileType = sourcecode.swift; path = RLMSupport.swift; sourceTree = "<group>"; };
		1767B7491DF7A64300DE693C /* RealmCrustTests-Bridging-Header.h */ = {isa = PBXFileReference; lastKnownFileType = sourcecode.c.h; path = "RealmCrustTests-Bridging-Header.h"; sourceTree = "<group>"; };
		1767B74B1DF7A68900DE693C /* RLMArray+Utilities.h */ = {isa = PBXFileReference; fileEncoding = 4; lastKnownFileType = sourcecode.c.h; path = "RLMArray+Utilities.h"; sourceTree = "<group>"; };
		1767B74C1DF7A68900DE693C /* RLMArray+Utilities.m */ = {isa = PBXFileReference; fileEncoding = 4; lastKnownFileType = sourcecode.c.objc; path = "RLMArray+Utilities.m"; sourceTree = "<group>"; };
		1767B74E1DF7B24400DE693C /* Models.h */ = {isa = PBXFileReference; fileEncoding = 4; lastKnownFileType = sourcecode.c.h; path = Models.h; sourceTree = "<group>"; };
		1767B74F1DF7B24400DE693C /* Models.m */ = {isa = PBXFileReference; fileEncoding = 4; lastKnownFileType = sourcecode.c.objc; path = Models.m; sourceTree = "<group>"; };
		17B583501C249E5E005DBFA6 /* TransformTests.swift */ = {isa = PBXFileReference; fileEncoding = 4; lastKnownFileType = sourcecode.swift; lineEnding = 0; path = TransformTests.swift; sourceTree = "<group>"; xcLanguageSpecificationIdentifier = xcode.lang.swift; };
		17B583521C24B0B7005DBFA6 /* MappingProtocols.swift */ = {isa = PBXFileReference; fileEncoding = 4; lastKnownFileType = sourcecode.swift; lineEnding = 0; path = MappingProtocols.swift; sourceTree = "<group>"; xcLanguageSpecificationIdentifier = xcode.lang.swift; };
		17B583541C24B965005DBFA6 /* Company.swift */ = {isa = PBXFileReference; fileEncoding = 4; lastKnownFileType = sourcecode.swift; lineEnding = 0; path = Company.swift; sourceTree = "<group>"; xcLanguageSpecificationIdentifier = xcode.lang.swift; };
		17B583551C24B965005DBFA6 /* Employee.swift */ = {isa = PBXFileReference; fileEncoding = 4; lastKnownFileType = sourcecode.swift; lineEnding = 0; path = Employee.swift; sourceTree = "<group>"; xcLanguageSpecificationIdentifier = xcode.lang.swift; };
		17B983CD1BDC8B6A006BD35C /* EmployeeStub.swift */ = {isa = PBXFileReference; fileEncoding = 4; lastKnownFileType = sourcecode.swift; lineEnding = 0; path = EmployeeStub.swift; sourceTree = "<group>"; xcLanguageSpecificationIdentifier = xcode.lang.swift; };
		17B983CF1BDC8B95006BD35C /* Operators.swift */ = {isa = PBXFileReference; fileEncoding = 4; lastKnownFileType = sourcecode.swift; lineEnding = 0; path = Operators.swift; sourceTree = "<group>"; xcLanguageSpecificationIdentifier = xcode.lang.swift; };
		17B983D31BDC8D7E006BD35C /* CompanyMappingTests.swift */ = {isa = PBXFileReference; fileEncoding = 4; lastKnownFileType = sourcecode.swift; lineEnding = 0; path = CompanyMappingTests.swift; sourceTree = "<group>"; xcLanguageSpecificationIdentifier = xcode.lang.swift; };
		17B983D51BDC8DB1006BD35C /* CompanyStub.swift */ = {isa = PBXFileReference; fileEncoding = 4; lastKnownFileType = sourcecode.swift; lineEnding = 0; path = CompanyStub.swift; sourceTree = "<group>"; xcLanguageSpecificationIdentifier = xcode.lang.swift; };
		17C7A7641BF9665500B0D5F5 /* CRMapperTests.swift */ = {isa = PBXFileReference; fileEncoding = 4; lastKnownFileType = sourcecode.swift; lineEnding = 0; path = CRMapperTests.swift; sourceTree = "<group>"; xcLanguageSpecificationIdentifier = xcode.lang.swift; };
		17F95FFD1BCB39C400CC6D4A /* Mapper.swift */ = {isa = PBXFileReference; fileEncoding = 4; lastKnownFileType = sourcecode.swift; lineEnding = 0; path = Mapper.swift; sourceTree = "<group>"; xcLanguageSpecificationIdentifier = xcode.lang.swift; };
		17F95FFE1BCB39C400CC6D4A /* MappingOperator.swift */ = {isa = PBXFileReference; fileEncoding = 4; lastKnownFileType = sourcecode.swift; lineEnding = 0; path = MappingOperator.swift; sourceTree = "<group>"; xcLanguageSpecificationIdentifier = xcode.lang.swift; };
		17FEBDDB1EB8404400F1257B /* KeyPath.swift */ = {isa = PBXFileReference; fileEncoding = 4; lastKnownFileType = sourcecode.swift; lineEnding = 0; path = KeyPath.swift; sourceTree = "<group>"; xcLanguageSpecificationIdentifier = xcode.lang.swift; };
		26951C231AFB401A007B0E07 /* Info.plist */ = {isa = PBXFileReference; lastKnownFileType = text.plist.xml; path = Info.plist; sourceTree = "<group>"; };
		26951C341AFB401B007B0E07 /* CrustTests.xctest */ = {isa = PBXFileReference; explicitFileType = wrapper.cfbundle; includeInIndex = 0; path = CrustTests.xctest; sourceTree = BUILT_PRODUCTS_DIR; };
		26951C391AFB401B007B0E07 /* Info.plist */ = {isa = PBXFileReference; lastKnownFileType = text.plist.xml; path = Info.plist; sourceTree = "<group>"; };
		27BCD4F191D3EE9916A014BD /* Pods-Crust-RealmCrustTests.debug.xcconfig */ = {isa = PBXFileReference; includeInIndex = 1; lastKnownFileType = text.xcconfig; name = "Pods-Crust-RealmCrustTests.debug.xcconfig"; path = "Pods/Target Support Files/Pods-Crust-RealmCrustTests/Pods-Crust-RealmCrustTests.debug.xcconfig"; sourceTree = "<group>"; };
		28F442A36FBC57DF1CD33439 /* Pods_Crust.framework */ = {isa = PBXFileReference; explicitFileType = wrapper.framework; includeInIndex = 0; path = Pods_Crust.framework; sourceTree = BUILT_PRODUCTS_DIR; };
		29E3D438C5101C01DFD19520 /* Pods-Crust.debug.xcconfig */ = {isa = PBXFileReference; includeInIndex = 1; lastKnownFileType = text.xcconfig; name = "Pods-Crust.debug.xcconfig"; path = "Pods/Target Support Files/Pods-Crust/Pods-Crust.debug.xcconfig"; sourceTree = "<group>"; };
		7676E6795FC34791C025C4B0 /* Pods-Crust-CrustTests.debug.xcconfig */ = {isa = PBXFileReference; includeInIndex = 1; lastKnownFileType = text.xcconfig; name = "Pods-Crust-CrustTests.debug.xcconfig"; path = "Pods/Target Support Files/Pods-Crust-CrustTests/Pods-Crust-CrustTests.debug.xcconfig"; sourceTree = "<group>"; };
		8040A3CB739C888745EDBC5C /* Pods-Crust-RealmCrustTests.release.xcconfig */ = {isa = PBXFileReference; includeInIndex = 1; lastKnownFileType = text.xcconfig; name = "Pods-Crust-RealmCrustTests.release.xcconfig"; path = "Pods/Target Support Files/Pods-Crust-RealmCrustTests/Pods-Crust-RealmCrustTests.release.xcconfig"; sourceTree = "<group>"; };
		8C49AD01D91DCA093FAEBE81 /* Pods-Crust.release.xcconfig */ = {isa = PBXFileReference; includeInIndex = 1; lastKnownFileType = text.xcconfig; name = "Pods-Crust.release.xcconfig"; path = "Pods/Target Support Files/Pods-Crust/Pods-Crust.release.xcconfig"; sourceTree = "<group>"; };
		9343FCC42E1A2DE8316C0D87 /* Pods_Crust_CrustTests.framework */ = {isa = PBXFileReference; explicitFileType = wrapper.framework; includeInIndex = 0; path = Pods_Crust_CrustTests.framework; sourceTree = BUILT_PRODUCTS_DIR; };
		B69217840C166BBAD301629D /* Pods.framework */ = {isa = PBXFileReference; explicitFileType = wrapper.framework; includeInIndex = 0; path = Pods.framework; sourceTree = BUILT_PRODUCTS_DIR; };
		CD20141F1E30135100D16F14 /* CollectionMappingTests.swift */ = {isa = PBXFileReference; fileEncoding = 4; lastKnownFileType = sourcecode.swift; lineEnding = 0; path = CollectionMappingTests.swift; sourceTree = "<group>"; xcLanguageSpecificationIdentifier = xcode.lang.swift; };
		CD57E9551EAEB39800FB4C80 /* Utilities.swift */ = {isa = PBXFileReference; fileEncoding = 4; lastKnownFileType = sourcecode.swift; path = Utilities.swift; sourceTree = "<group>"; };
		CD57E9571EAEB7F300FB4C80 /* CollectionMappingTests.swift */ = {isa = PBXFileReference; fileEncoding = 4; lastKnownFileType = sourcecode.swift; lineEnding = 0; path = CollectionMappingTests.swift; sourceTree = "<group>"; xcLanguageSpecificationIdentifier = xcode.lang.swift; };
		CD57E9591EAFEE8B00FB4C80 /* NestedMappingTests.swift */ = {isa = PBXFileReference; fileEncoding = 4; lastKnownFileType = sourcecode.swift; lineEnding = 0; path = NestedMappingTests.swift; sourceTree = "<group>"; xcLanguageSpecificationIdentifier = xcode.lang.swift; };
		CD57E95B1EAFF46300FB4C80 /* NestedMappingTests.swift */ = {isa = PBXFileReference; fileEncoding = 4; lastKnownFileType = sourcecode.swift; lineEnding = 0; path = NestedMappingTests.swift; sourceTree = "<group>"; xcLanguageSpecificationIdentifier = xcode.lang.swift; };
		CDFA6C8E1E4BE45D00E30982 /* RLMArrayBridge.swift */ = {isa = PBXFileReference; fileEncoding = 4; lastKnownFileType = sourcecode.swift; lineEnding = 0; path = RLMArrayBridge.swift; sourceTree = "<group>"; xcLanguageSpecificationIdentifier = xcode.lang.swift; };
		CE09890A415010E6701B39AE /* Pods-Crust-CrustTests.release.xcconfig */ = {isa = PBXFileReference; includeInIndex = 1; lastKnownFileType = text.xcconfig; name = "Pods-Crust-CrustTests.release.xcconfig"; path = "Pods/Target Support Files/Pods-Crust-CrustTests/Pods-Crust-CrustTests.release.xcconfig"; sourceTree = "<group>"; };
		DED40EDD9475BB525B3AEE0E /* Pods_Crust_RealmCrustTests.framework */ = {isa = PBXFileReference; explicitFileType = wrapper.framework; includeInIndex = 0; path = Pods_Crust_RealmCrustTests.framework; sourceTree = BUILT_PRODUCTS_DIR; };
/* End PBXFileReference section */

/* Begin PBXFrameworksBuildPhase section */
		175C9A361C311D8400B0D6E7 /* Frameworks */ = {
			isa = PBXFrameworksBuildPhase;
			buildActionMask = 2147483647;
			files = (
				3C1EAD7F3E1C53F7D78345FD /* Pods_Crust.framework in Frameworks */,
			);
			runOnlyForDeploymentPostprocessing = 0;
		};
		1767B7231DF776FD00DE693C /* Frameworks */ = {
			isa = PBXFrameworksBuildPhase;
			buildActionMask = 2147483647;
			files = (
				1767B72B1DF776FD00DE693C /* Crust.framework in Frameworks */,
				29DE497B2A9E4FA2A31192FF /* Pods_Crust_RealmCrustTests.framework in Frameworks */,
			);
			runOnlyForDeploymentPostprocessing = 0;
		};
		26951C311AFB401B007B0E07 /* Frameworks */ = {
			isa = PBXFrameworksBuildPhase;
			buildActionMask = 2147483647;
			files = (
				97101AED7BD14AF79D49A8FA /* Pods_Crust_CrustTests.framework in Frameworks */,
			);
			runOnlyForDeploymentPostprocessing = 0;
		};
/* End PBXFrameworksBuildPhase section */

/* Begin PBXGroup section */
		1710BF411BC38C3B00D4EAD8 /* Utilities */ = {
			isa = PBXGroup;
			children = (
				172FBC8F1C15279C00CF2C71 /* AnyAdapter.swift */,
				CD57E9551EAEB39800FB4C80 /* Utilities.swift */,
			);
			path = Utilities;
			sourceTree = "<group>";
		};
		1767B7271DF776FD00DE693C /* RealmCrustTests */ = {
			isa = PBXGroup;
			children = (
				CD20141F1E30135100D16F14 /* CollectionMappingTests.swift */,
				1767B7311DF778E700DE693C /* Company.swift */,
				1767B7321DF778E700DE693C /* CompanyMappingTests.swift */,
				1767B7331DF778E700DE693C /* CompanyStub.swift */,
				1767B7341DF778E700DE693C /* Employee.swift */,
				1767B7351DF778E700DE693C /* EmployeeMappingTests.swift */,
				1767B7361DF778E700DE693C /* EmployeeStub.swift */,
				CD57E95B1EAFF46300FB4C80 /* NestedMappingTests.swift */,
				1767B7371DF778E700DE693C /* Operators.swift */,
				1767B7381DF778E700DE693C /* PrimaryKeyTests.swift */,
				CDFA6C8E1E4BE45D00E30982 /* RLMArrayBridge.swift */,
				1767B7451DF7793800DE693C /* RealmMappings.swift */,
				1767B7391DF778E700DE693C /* RealmMappingTest.swift */,
				1767B7471DF78F0B00DE693C /* RLMSupport.swift */,
				1767B73A1DF778E700DE693C /* Tests.swift */,
				1767B74E1DF7B24400DE693C /* Models.h */,
				1767B74F1DF7B24400DE693C /* Models.m */,
				1767B7491DF7A64300DE693C /* RealmCrustTests-Bridging-Header.h */,
				1767B74B1DF7A68900DE693C /* RLMArray+Utilities.h */,
				1767B74C1DF7A68900DE693C /* RLMArray+Utilities.m */,
				1767B72A1DF776FD00DE693C /* Info.plist */,
			);
			path = RealmCrustTests;
			sourceTree = "<group>";
		};
		17F95FFC1BCB39C400CC6D4A /* Mapper */ = {
			isa = PBXGroup;
			children = (
				17FEBDDB1EB8404400F1257B /* KeyPath.swift */,
				17F95FFD1BCB39C400CC6D4A /* Mapper.swift */,
				17F95FFE1BCB39C400CC6D4A /* MappingOperator.swift */,
				17B583521C24B0B7005DBFA6 /* MappingProtocols.swift */,
			);
			path = Mapper;
			sourceTree = "<group>";
		};
		26951C161AFB401A007B0E07 = {
			isa = PBXGroup;
			children = (
				26951C211AFB401A007B0E07 /* Crust */,
				26951C371AFB401B007B0E07 /* CrustTests */,
				1767B7271DF776FD00DE693C /* RealmCrustTests */,
				26951C201AFB401A007B0E07 /* Products */,
				D7F1B5D00F7C55EEC05E60B4 /* Frameworks */,
				38101DC982CB02805B2E52C0 /* Pods */,
			);
			sourceTree = "<group>";
		};
		26951C201AFB401A007B0E07 /* Products */ = {
			isa = PBXGroup;
			children = (
				26951C341AFB401B007B0E07 /* CrustTests.xctest */,
				175C9A3A1C311D8400B0D6E7 /* Crust.framework */,
				1767B7261DF776FD00DE693C /* RealmCrustTests.xctest */,
			);
			name = Products;
			sourceTree = "<group>";
		};
		26951C211AFB401A007B0E07 /* Crust */ = {
			isa = PBXGroup;
			children = (
				17F95FFC1BCB39C400CC6D4A /* Mapper */,
				1710BF411BC38C3B00D4EAD8 /* Utilities */,
				26951C221AFB401A007B0E07 /* Supporting Files */,
			);
			path = Crust;
			sourceTree = "<group>";
		};
		26951C221AFB401A007B0E07 /* Supporting Files */ = {
			isa = PBXGroup;
			children = (
				175C9A3C1C311D8400B0D6E7 /* Crust.h */,
				26951C231AFB401A007B0E07 /* Info.plist */,
			);
			name = "Supporting Files";
			sourceTree = "<group>";
		};
		26951C371AFB401B007B0E07 /* CrustTests */ = {
			isa = PBXGroup;
			children = (
				26951C381AFB401B007B0E07 /* Supporting Files */,
				CD57E9571EAEB7F300FB4C80 /* CollectionMappingTests.swift */,
				17B583541C24B965005DBFA6 /* Company.swift */,
				17B983D31BDC8D7E006BD35C /* CompanyMappingTests.swift */,
				17B983D51BDC8DB1006BD35C /* CompanyStub.swift */,
				17C7A7641BF9665500B0D5F5 /* CRMapperTests.swift */,
				17B583551C24B965005DBFA6 /* Employee.swift */,
				176675431BD31F3F0013DE5F /* EmployeeMappingTests.swift */,
				17B983CD1BDC8B6A006BD35C /* EmployeeStub.swift */,
				175C9A911C38A0A900B0D6E7 /* Mocks.swift */,
				CD57E9591EAFEE8B00FB4C80 /* NestedMappingTests.swift */,
				17B983CF1BDC8B95006BD35C /* Operators.swift */,
				172FBC8B1C15140300CF2C71 /* Person.swift */,
				172FBC911C152DA500CF2C71 /* StructMappingTests.swift */,
				17B583501C249E5E005DBFA6 /* TransformTests.swift */,
			);
			path = CrustTests;
			sourceTree = "<group>";
		};
		26951C381AFB401B007B0E07 /* Supporting Files */ = {
			isa = PBXGroup;
			children = (
				26951C391AFB401B007B0E07 /* Info.plist */,
			);
			name = "Supporting Files";
			sourceTree = "<group>";
		};
		38101DC982CB02805B2E52C0 /* Pods */ = {
			isa = PBXGroup;
			children = (
				29E3D438C5101C01DFD19520 /* Pods-Crust.debug.xcconfig */,
				8C49AD01D91DCA093FAEBE81 /* Pods-Crust.release.xcconfig */,
				7676E6795FC34791C025C4B0 /* Pods-Crust-CrustTests.debug.xcconfig */,
				CE09890A415010E6701B39AE /* Pods-Crust-CrustTests.release.xcconfig */,
				27BCD4F191D3EE9916A014BD /* Pods-Crust-RealmCrustTests.debug.xcconfig */,
				8040A3CB739C888745EDBC5C /* Pods-Crust-RealmCrustTests.release.xcconfig */,
			);
			name = Pods;
			sourceTree = "<group>";
		};
		D7F1B5D00F7C55EEC05E60B4 /* Frameworks */ = {
			isa = PBXGroup;
			children = (
				175C9A481C311DD000B0D6E7 /* Pods.framework */,
				B69217840C166BBAD301629D /* Pods.framework */,
				28F442A36FBC57DF1CD33439 /* Pods_Crust.framework */,
				9343FCC42E1A2DE8316C0D87 /* Pods_Crust_CrustTests.framework */,
				DED40EDD9475BB525B3AEE0E /* Pods_Crust_RealmCrustTests.framework */,
			);
			name = Frameworks;
			sourceTree = "<group>";
		};
/* End PBXGroup section */

/* Begin PBXHeadersBuildPhase section */
		175C9A371C311D8400B0D6E7 /* Headers */ = {
			isa = PBXHeadersBuildPhase;
			buildActionMask = 2147483647;
			files = (
				175C9A3D1C311D8400B0D6E7 /* Crust.h in Headers */,
			);
			runOnlyForDeploymentPostprocessing = 0;
		};
/* End PBXHeadersBuildPhase section */

/* Begin PBXNativeTarget section */
		175C9A391C311D8400B0D6E7 /* Crust */ = {
			isa = PBXNativeTarget;
			buildConfigurationList = 175C9A3F1C311D8400B0D6E7 /* Build configuration list for PBXNativeTarget "Crust" */;
			buildPhases = (
				918D5A38AF766D61357EFFA6 /* [CP] Check Pods Manifest.lock */,
				175C9A351C311D8400B0D6E7 /* Sources */,
				175C9A361C311D8400B0D6E7 /* Frameworks */,
				175C9A371C311D8400B0D6E7 /* Headers */,
				175C9A381C311D8400B0D6E7 /* Resources */,
				D86109008D8C7660BDE1694F /* [CP] Copy Pods Resources */,
			);
			buildRules = (
			);
			dependencies = (
			);
			name = Crust;
			productName = Crust;
			productReference = 175C9A3A1C311D8400B0D6E7 /* Crust.framework */;
			productType = "com.apple.product-type.framework";
		};
		1767B7251DF776FD00DE693C /* RealmCrustTests */ = {
			isa = PBXNativeTarget;
			buildConfigurationList = 1767B72E1DF776FD00DE693C /* Build configuration list for PBXNativeTarget "RealmCrustTests" */;
			buildPhases = (
				045C2D55FFB18493A3511662 /* [CP] Check Pods Manifest.lock */,
				1767B7221DF776FD00DE693C /* Sources */,
				1767B7231DF776FD00DE693C /* Frameworks */,
				1767B7241DF776FD00DE693C /* Resources */,
				0245F130A9ACE89FA33E5284 /* [CP] Embed Pods Frameworks */,
				833BFA168268674813EDB48A /* [CP] Copy Pods Resources */,
			);
			buildRules = (
			);
			dependencies = (
				1767B72D1DF776FD00DE693C /* PBXTargetDependency */,
			);
			name = RealmCrustTests;
			productName = RealmCrustTests;
			productReference = 1767B7261DF776FD00DE693C /* RealmCrustTests.xctest */;
			productType = "com.apple.product-type.bundle.unit-test";
		};
		26951C331AFB401B007B0E07 /* CrustTests */ = {
			isa = PBXNativeTarget;
			buildConfigurationList = 26951C411AFB401B007B0E07 /* Build configuration list for PBXNativeTarget "CrustTests" */;
			buildPhases = (
				4FB17661EB2B69D310EB25F9 /* [CP] Check Pods Manifest.lock */,
				26951C301AFB401B007B0E07 /* Sources */,
				26951C311AFB401B007B0E07 /* Frameworks */,
				26951C321AFB401B007B0E07 /* Resources */,
				24B49693B06DAA0201C69038 /* [CP] Embed Pods Frameworks */,
				7470DAE92A67D3C5F2AD5666 /* [CP] Copy Pods Resources */,
			);
			buildRules = (
			);
			dependencies = (
				175C9A521C311F4C00B0D6E7 /* PBXTargetDependency */,
			);
			name = CrustTests;
			productName = CrustTests;
			productReference = 26951C341AFB401B007B0E07 /* CrustTests.xctest */;
			productType = "com.apple.product-type.bundle.unit-test";
		};
/* End PBXNativeTarget section */

/* Begin PBXProject section */
		26951C171AFB401A007B0E07 /* Project object */ = {
			isa = PBXProject;
			attributes = {
				LastSwiftUpdateCheck = 0810;
				LastUpgradeCheck = 0820;
				ORGANIZATIONNAME = "Lucas Swift";
				TargetAttributes = {
					175C9A391C311D8400B0D6E7 = {
						CreatedOnToolsVersion = 7.2;
						LastSwiftMigration = 0810;
					};
					1767B7251DF776FD00DE693C = {
						CreatedOnToolsVersion = 8.1;
						LastSwiftMigration = 0810;
						ProvisioningStyle = Automatic;
					};
					26951C331AFB401B007B0E07 = {
						CreatedOnToolsVersion = 6.3.1;
						LastSwiftMigration = 0810;
					};
				};
			};
			buildConfigurationList = 26951C1A1AFB401A007B0E07 /* Build configuration list for PBXProject "Crust" */;
			compatibilityVersion = "Xcode 3.2";
			developmentRegion = English;
			hasScannedForEncodings = 0;
			knownRegions = (
				en,
				Base,
			);
			mainGroup = 26951C161AFB401A007B0E07;
			productRefGroup = 26951C201AFB401A007B0E07 /* Products */;
			projectDirPath = "";
			projectRoot = "";
			targets = (
				175C9A391C311D8400B0D6E7 /* Crust */,
				26951C331AFB401B007B0E07 /* CrustTests */,
				1767B7251DF776FD00DE693C /* RealmCrustTests */,
			);
		};
/* End PBXProject section */

/* Begin PBXResourcesBuildPhase section */
		175C9A381C311D8400B0D6E7 /* Resources */ = {
			isa = PBXResourcesBuildPhase;
			buildActionMask = 2147483647;
			files = (
			);
			runOnlyForDeploymentPostprocessing = 0;
		};
		1767B7241DF776FD00DE693C /* Resources */ = {
			isa = PBXResourcesBuildPhase;
			buildActionMask = 2147483647;
			files = (
			);
			runOnlyForDeploymentPostprocessing = 0;
		};
		26951C321AFB401B007B0E07 /* Resources */ = {
			isa = PBXResourcesBuildPhase;
			buildActionMask = 2147483647;
			files = (
			);
			runOnlyForDeploymentPostprocessing = 0;
		};
/* End PBXResourcesBuildPhase section */

/* Begin PBXShellScriptBuildPhase section */
		0245F130A9ACE89FA33E5284 /* [CP] Embed Pods Frameworks */ = {
			isa = PBXShellScriptBuildPhase;
			buildActionMask = 2147483647;
			files = (
			);
			inputPaths = (
			);
			name = "[CP] Embed Pods Frameworks";
			outputPaths = (
			);
			runOnlyForDeploymentPostprocessing = 0;
			shellPath = /bin/sh;
			shellScript = "\"${SRCROOT}/Pods/Target Support Files/Pods-Crust-RealmCrustTests/Pods-Crust-RealmCrustTests-frameworks.sh\"\n";
			showEnvVarsInLog = 0;
		};
		045C2D55FFB18493A3511662 /* [CP] Check Pods Manifest.lock */ = {
			isa = PBXShellScriptBuildPhase;
			buildActionMask = 2147483647;
			files = (
			);
			inputPaths = (
			);
			name = "[CP] Check Pods Manifest.lock";
			outputPaths = (
			);
			runOnlyForDeploymentPostprocessing = 0;
			shellPath = /bin/sh;
			shellScript = "diff \"${PODS_ROOT}/../Podfile.lock\" \"${PODS_ROOT}/Manifest.lock\" > /dev/null\nif [ $? != 0 ] ; then\n    # print error to STDERR\n    echo \"error: The sandbox is not in sync with the Podfile.lock. Run 'pod install' or update your CocoaPods installation.\" >&2\n    exit 1\nfi\n";
			showEnvVarsInLog = 0;
		};
		24B49693B06DAA0201C69038 /* [CP] Embed Pods Frameworks */ = {
			isa = PBXShellScriptBuildPhase;
			buildActionMask = 2147483647;
			files = (
			);
			inputPaths = (
			);
			name = "[CP] Embed Pods Frameworks";
			outputPaths = (
			);
			runOnlyForDeploymentPostprocessing = 0;
			shellPath = /bin/sh;
			shellScript = "\"${SRCROOT}/Pods/Target Support Files/Pods-Crust-CrustTests/Pods-Crust-CrustTests-frameworks.sh\"\n";
			showEnvVarsInLog = 0;
		};
		4FB17661EB2B69D310EB25F9 /* [CP] Check Pods Manifest.lock */ = {
			isa = PBXShellScriptBuildPhase;
			buildActionMask = 2147483647;
			files = (
			);
			inputPaths = (
			);
			name = "[CP] Check Pods Manifest.lock";
			outputPaths = (
			);
			runOnlyForDeploymentPostprocessing = 0;
			shellPath = /bin/sh;
			shellScript = "diff \"${PODS_ROOT}/../Podfile.lock\" \"${PODS_ROOT}/Manifest.lock\" > /dev/null\nif [ $? != 0 ] ; then\n    # print error to STDERR\n    echo \"error: The sandbox is not in sync with the Podfile.lock. Run 'pod install' or update your CocoaPods installation.\" >&2\n    exit 1\nfi\n";
			showEnvVarsInLog = 0;
		};
		7470DAE92A67D3C5F2AD5666 /* [CP] Copy Pods Resources */ = {
			isa = PBXShellScriptBuildPhase;
			buildActionMask = 2147483647;
			files = (
			);
			inputPaths = (
			);
			name = "[CP] Copy Pods Resources";
			outputPaths = (
			);
			runOnlyForDeploymentPostprocessing = 0;
			shellPath = /bin/sh;
			shellScript = "\"${SRCROOT}/Pods/Target Support Files/Pods-Crust-CrustTests/Pods-Crust-CrustTests-resources.sh\"\n";
			showEnvVarsInLog = 0;
		};
		833BFA168268674813EDB48A /* [CP] Copy Pods Resources */ = {
			isa = PBXShellScriptBuildPhase;
			buildActionMask = 2147483647;
			files = (
			);
			inputPaths = (
			);
			name = "[CP] Copy Pods Resources";
			outputPaths = (
			);
			runOnlyForDeploymentPostprocessing = 0;
			shellPath = /bin/sh;
			shellScript = "\"${SRCROOT}/Pods/Target Support Files/Pods-Crust-RealmCrustTests/Pods-Crust-RealmCrustTests-resources.sh\"\n";
			showEnvVarsInLog = 0;
		};
		918D5A38AF766D61357EFFA6 /* [CP] Check Pods Manifest.lock */ = {
			isa = PBXShellScriptBuildPhase;
			buildActionMask = 2147483647;
			files = (
			);
			inputPaths = (
			);
			name = "[CP] Check Pods Manifest.lock";
			outputPaths = (
			);
			runOnlyForDeploymentPostprocessing = 0;
			shellPath = /bin/sh;
			shellScript = "diff \"${PODS_ROOT}/../Podfile.lock\" \"${PODS_ROOT}/Manifest.lock\" > /dev/null\nif [ $? != 0 ] ; then\n    # print error to STDERR\n    echo \"error: The sandbox is not in sync with the Podfile.lock. Run 'pod install' or update your CocoaPods installation.\" >&2\n    exit 1\nfi\n";
			showEnvVarsInLog = 0;
		};
		D86109008D8C7660BDE1694F /* [CP] Copy Pods Resources */ = {
			isa = PBXShellScriptBuildPhase;
			buildActionMask = 2147483647;
			files = (
			);
			inputPaths = (
			);
			name = "[CP] Copy Pods Resources";
			outputPaths = (
			);
			runOnlyForDeploymentPostprocessing = 0;
			shellPath = /bin/sh;
			shellScript = "\"${SRCROOT}/Pods/Target Support Files/Pods-Crust/Pods-Crust-resources.sh\"\n";
			showEnvVarsInLog = 0;
		};
/* End PBXShellScriptBuildPhase section */

/* Begin PBXSourcesBuildPhase section */
		175C9A351C311D8400B0D6E7 /* Sources */ = {
			isa = PBXSourcesBuildPhase;
			buildActionMask = 2147483647;
			files = (
				17FEBDDC1EB8404400F1257B /* KeyPath.swift in Sources */,
				175C9A431C311DB200B0D6E7 /* Mapper.swift in Sources */,
				175C9A441C311DB200B0D6E7 /* MappingOperator.swift in Sources */,
				175C9A451C311DB200B0D6E7 /* MappingProtocols.swift in Sources */,
				CD57E9561EAEB39800FB4C80 /* Utilities.swift in Sources */,
				175C9A471C311DB200B0D6E7 /* AnyAdapter.swift in Sources */,
			);
			runOnlyForDeploymentPostprocessing = 0;
		};
		1767B7221DF776FD00DE693C /* Sources */ = {
			isa = PBXSourcesBuildPhase;
			buildActionMask = 2147483647;
			files = (
				1767B7461DF7793800DE693C /* RealmMappings.swift in Sources */,
				1767B7411DF778E700DE693C /* Operators.swift in Sources */,
				CD2014201E30135100D16F14 /* CollectionMappingTests.swift in Sources */,
				1767B73D1DF778E700DE693C /* CompanyStub.swift in Sources */,
				1767B7421DF778E700DE693C /* PrimaryKeyTests.swift in Sources */,
				1767B7441DF778E700DE693C /* Tests.swift in Sources */,
				1767B7431DF778E700DE693C /* RealmMappingTest.swift in Sources */,
				1767B73F1DF778E700DE693C /* EmployeeMappingTests.swift in Sources */,
				1767B7481DF78F0B00DE693C /* RLMSupport.swift in Sources */,
				CD57E95C1EAFF46300FB4C80 /* NestedMappingTests.swift in Sources */,
				1767B73C1DF778E700DE693C /* CompanyMappingTests.swift in Sources */,
				1767B7501DF7B24400DE693C /* Models.m in Sources */,
				1767B7401DF778E700DE693C /* EmployeeStub.swift in Sources */,
				1767B74D1DF7A68900DE693C /* RLMArray+Utilities.m in Sources */,
				1767B73E1DF778E700DE693C /* Employee.swift in Sources */,
				1767B73B1DF778E700DE693C /* Company.swift in Sources */,
				CDFA6C8F1E4BE45D00E30982 /* RLMArrayBridge.swift in Sources */,
			);
			runOnlyForDeploymentPostprocessing = 0;
		};
		26951C301AFB401B007B0E07 /* Sources */ = {
			isa = PBXSourcesBuildPhase;
			buildActionMask = 2147483647;
			files = (
				17B583511C249E5E005DBFA6 /* TransformTests.swift in Sources */,
				176675441BD31F3F0013DE5F /* EmployeeMappingTests.swift in Sources */,
				172FBC921C152DA500CF2C71 /* StructMappingTests.swift in Sources */,
				17C7A7651BF9665500B0D5F5 /* CRMapperTests.swift in Sources */,
				17B983D61BDC8DB1006BD35C /* CompanyStub.swift in Sources */,
				17B983CE1BDC8B6A006BD35C /* EmployeeStub.swift in Sources */,
				172FBC8C1C15140300CF2C71 /* Person.swift in Sources */,
				17B583571C24B965005DBFA6 /* Employee.swift in Sources */,
				CD57E9581EAEB7F300FB4C80 /* CollectionMappingTests.swift in Sources */,
				17B983D01BDC8B95006BD35C /* Operators.swift in Sources */,
				17B983D41BDC8D7E006BD35C /* CompanyMappingTests.swift in Sources */,
				17B583561C24B965005DBFA6 /* Company.swift in Sources */,
				175C9A921C38A0A900B0D6E7 /* Mocks.swift in Sources */,
				CD57E95A1EAFEE8B00FB4C80 /* NestedMappingTests.swift in Sources */,
			);
			runOnlyForDeploymentPostprocessing = 0;
		};
/* End PBXSourcesBuildPhase section */

/* Begin PBXTargetDependency section */
		175C9A521C311F4C00B0D6E7 /* PBXTargetDependency */ = {
			isa = PBXTargetDependency;
			target = 175C9A391C311D8400B0D6E7 /* Crust */;
			targetProxy = 175C9A511C311F4C00B0D6E7 /* PBXContainerItemProxy */;
		};
		1767B72D1DF776FD00DE693C /* PBXTargetDependency */ = {
			isa = PBXTargetDependency;
			target = 175C9A391C311D8400B0D6E7 /* Crust */;
			targetProxy = 1767B72C1DF776FD00DE693C /* PBXContainerItemProxy */;
		};
/* End PBXTargetDependency section */

/* Begin XCBuildConfiguration section */
		175C9A401C311D8400B0D6E7 /* Debug */ = {
			isa = XCBuildConfiguration;
			baseConfigurationReference = 29E3D438C5101C01DFD19520 /* Pods-Crust.debug.xcconfig */;
			buildSettings = {
				"CODE_SIGN_IDENTITY[sdk=iphoneos*]" = "";
				CURRENT_PROJECT_VERSION = 1;
				DEBUG_INFORMATION_FORMAT = dwarf;
				DEFINES_MODULE = YES;
				DYLIB_COMPATIBILITY_VERSION = 1;
				DYLIB_CURRENT_VERSION = 1;
				DYLIB_INSTALL_NAME_BASE = "@rpath";
				ENABLE_TESTABILITY = YES;
				INFOPLIST_FILE = Crust/Info.plist;
				INSTALL_PATH = "$(LOCAL_LIBRARY_DIR)/Frameworks";
				IPHONEOS_DEPLOYMENT_TARGET = 8.0;
				LD_RUNPATH_SEARCH_PATHS = "$(inherited) @executable_path/Frameworks @loader_path/Frameworks";
				ONLY_ACTIVE_ARCH = YES;
				PRODUCT_BUNDLE_IDENTIFIER = com.rexdk.Crust;
				PRODUCT_NAME = "$(TARGET_NAME)";
				SKIP_INSTALL = YES;
				SWIFT_VERSION = 3.0;
				VERSIONING_SYSTEM = "apple-generic";
				VERSION_INFO_PREFIX = "";
			};
			name = Debug;
		};
		175C9A411C311D8400B0D6E7 /* Release */ = {
			isa = XCBuildConfiguration;
			baseConfigurationReference = 8C49AD01D91DCA093FAEBE81 /* Pods-Crust.release.xcconfig */;
			buildSettings = {
				"CODE_SIGN_IDENTITY[sdk=iphoneos*]" = "";
				CURRENT_PROJECT_VERSION = 1;
				DEFINES_MODULE = YES;
				DYLIB_COMPATIBILITY_VERSION = 1;
				DYLIB_CURRENT_VERSION = 1;
				DYLIB_INSTALL_NAME_BASE = "@rpath";
				INFOPLIST_FILE = Crust/Info.plist;
				INSTALL_PATH = "$(LOCAL_LIBRARY_DIR)/Frameworks";
				IPHONEOS_DEPLOYMENT_TARGET = 8.0;
				LD_RUNPATH_SEARCH_PATHS = "$(inherited) @executable_path/Frameworks @loader_path/Frameworks";
				PRODUCT_BUNDLE_IDENTIFIER = com.rexdk.Crust;
				PRODUCT_NAME = "$(TARGET_NAME)";
				SKIP_INSTALL = YES;
				SWIFT_VERSION = 3.0;
				VERSIONING_SYSTEM = "apple-generic";
				VERSION_INFO_PREFIX = "";
			};
			name = Release;
		};
		1767B72F1DF776FD00DE693C /* Debug */ = {
			isa = XCBuildConfiguration;
			baseConfigurationReference = 27BCD4F191D3EE9916A014BD /* Pods-Crust-RealmCrustTests.debug.xcconfig */;
			buildSettings = {
				ALWAYS_EMBED_SWIFT_STANDARD_LIBRARIES = YES;
				CLANG_ANALYZER_NONNULL = YES;
				CLANG_ENABLE_MODULES = YES;
				CLANG_WARN_DOCUMENTATION_COMMENTS = YES;
				CLANG_WARN_SUSPICIOUS_MOVES = YES;
				DEBUG_INFORMATION_FORMAT = dwarf;
				ENABLE_TESTABILITY = YES;
				INFOPLIST_FILE = RealmCrustTests/Info.plist;
				IPHONEOS_DEPLOYMENT_TARGET = 10.1;
				LD_RUNPATH_SEARCH_PATHS = "$(inherited) @executable_path/Frameworks @loader_path/Frameworks";
				PRODUCT_BUNDLE_IDENTIFIER = com.rexdk.RealmCrustTests;
				PRODUCT_NAME = "$(TARGET_NAME)";
				SWIFT_ACTIVE_COMPILATION_CONDITIONS = DEBUG;
				SWIFT_OBJC_BRIDGING_HEADER = "RealmCrustTests/RealmCrustTests-Bridging-Header.h";
				SWIFT_OPTIMIZATION_LEVEL = "-Onone";
				SWIFT_VERSION = 3.0;
			};
			name = Debug;
		};
		1767B7301DF776FD00DE693C /* Release */ = {
			isa = XCBuildConfiguration;
			baseConfigurationReference = 8040A3CB739C888745EDBC5C /* Pods-Crust-RealmCrustTests.release.xcconfig */;
			buildSettings = {
				ALWAYS_EMBED_SWIFT_STANDARD_LIBRARIES = YES;
				CLANG_ANALYZER_NONNULL = YES;
				CLANG_ENABLE_MODULES = YES;
				CLANG_WARN_DOCUMENTATION_COMMENTS = YES;
				CLANG_WARN_SUSPICIOUS_MOVES = YES;
				INFOPLIST_FILE = RealmCrustTests/Info.plist;
				IPHONEOS_DEPLOYMENT_TARGET = 10.1;
				LD_RUNPATH_SEARCH_PATHS = "$(inherited) @executable_path/Frameworks @loader_path/Frameworks";
				PRODUCT_BUNDLE_IDENTIFIER = com.rexdk.RealmCrustTests;
				PRODUCT_NAME = "$(TARGET_NAME)";
				SWIFT_OBJC_BRIDGING_HEADER = "RealmCrustTests/RealmCrustTests-Bridging-Header.h";
				SWIFT_VERSION = 3.0;
			};
			name = Release;
		};
		26951C3C1AFB401B007B0E07 /* Debug */ = {
			isa = XCBuildConfiguration;
			buildSettings = {
				ALWAYS_SEARCH_USER_PATHS = NO;
				CLANG_CXX_LANGUAGE_STANDARD = "gnu++0x";
				CLANG_CXX_LIBRARY = "libc++";
				CLANG_ENABLE_MODULES = YES;
				CLANG_ENABLE_OBJC_ARC = YES;
				CLANG_WARN_BOOL_CONVERSION = YES;
				CLANG_WARN_CONSTANT_CONVERSION = YES;
				CLANG_WARN_DIRECT_OBJC_ISA_USAGE = YES_ERROR;
				CLANG_WARN_EMPTY_BODY = YES;
				CLANG_WARN_ENUM_CONVERSION = YES;
				CLANG_WARN_INFINITE_RECURSION = YES;
				CLANG_WARN_INT_CONVERSION = YES;
				CLANG_WARN_OBJC_ROOT_CLASS = YES_ERROR;
				CLANG_WARN_SUSPICIOUS_MOVE = YES;
				CLANG_WARN_UNREACHABLE_CODE = YES;
				CLANG_WARN__DUPLICATE_METHOD_MATCH = YES;
				"CODE_SIGN_IDENTITY[sdk=iphoneos*]" = "iPhone Developer";
				COPY_PHASE_STRIP = NO;
				DEBUG_INFORMATION_FORMAT = "dwarf-with-dsym";
				ENABLE_STRICT_OBJC_MSGSEND = YES;
				GCC_C_LANGUAGE_STANDARD = gnu99;
				GCC_DYNAMIC_NO_PIC = NO;
				GCC_NO_COMMON_BLOCKS = YES;
				GCC_OPTIMIZATION_LEVEL = 0;
				GCC_PREPROCESSOR_DEFINITIONS = (
					"DEBUG=1",
					"$(inherited)",
				);
				GCC_SYMBOLS_PRIVATE_EXTERN = NO;
				GCC_WARN_64_TO_32_BIT_CONVERSION = YES;
				GCC_WARN_ABOUT_RETURN_TYPE = YES_ERROR;
				GCC_WARN_UNDECLARED_SELECTOR = YES;
				GCC_WARN_UNINITIALIZED_AUTOS = YES_AGGRESSIVE;
				GCC_WARN_UNUSED_FUNCTION = YES;
				GCC_WARN_UNUSED_VARIABLE = YES;
				IPHONEOS_DEPLOYMENT_TARGET = 8.0;
				MTL_ENABLE_DEBUG_INFO = YES;
				ONLY_ACTIVE_ARCH = YES;
				SDKROOT = iphoneos;
				SWIFT_OPTIMIZATION_LEVEL = "-Onone";
				TARGETED_DEVICE_FAMILY = "1,2";
			};
			name = Debug;
		};
		26951C3D1AFB401B007B0E07 /* Release */ = {
			isa = XCBuildConfiguration;
			buildSettings = {
				ALWAYS_SEARCH_USER_PATHS = NO;
				CLANG_CXX_LANGUAGE_STANDARD = "gnu++0x";
				CLANG_CXX_LIBRARY = "libc++";
				CLANG_ENABLE_MODULES = YES;
				CLANG_ENABLE_OBJC_ARC = YES;
				CLANG_WARN_BOOL_CONVERSION = YES;
				CLANG_WARN_CONSTANT_CONVERSION = YES;
				CLANG_WARN_DIRECT_OBJC_ISA_USAGE = YES_ERROR;
				CLANG_WARN_EMPTY_BODY = YES;
				CLANG_WARN_ENUM_CONVERSION = YES;
				CLANG_WARN_INFINITE_RECURSION = YES;
				CLANG_WARN_INT_CONVERSION = YES;
				CLANG_WARN_OBJC_ROOT_CLASS = YES_ERROR;
				CLANG_WARN_SUSPICIOUS_MOVE = YES;
				CLANG_WARN_UNREACHABLE_CODE = YES;
				CLANG_WARN__DUPLICATE_METHOD_MATCH = YES;
				"CODE_SIGN_IDENTITY[sdk=iphoneos*]" = "iPhone Developer";
				COPY_PHASE_STRIP = NO;
				DEBUG_INFORMATION_FORMAT = "dwarf-with-dsym";
				ENABLE_NS_ASSERTIONS = NO;
				ENABLE_STRICT_OBJC_MSGSEND = YES;
				GCC_C_LANGUAGE_STANDARD = gnu99;
				GCC_NO_COMMON_BLOCKS = YES;
				GCC_WARN_64_TO_32_BIT_CONVERSION = YES;
				GCC_WARN_ABOUT_RETURN_TYPE = YES_ERROR;
				GCC_WARN_UNDECLARED_SELECTOR = YES;
				GCC_WARN_UNINITIALIZED_AUTOS = YES_AGGRESSIVE;
				GCC_WARN_UNUSED_FUNCTION = YES;
				GCC_WARN_UNUSED_VARIABLE = YES;
				IPHONEOS_DEPLOYMENT_TARGET = 8.0;
				MTL_ENABLE_DEBUG_INFO = NO;
				SDKROOT = iphoneos;
				SWIFT_OPTIMIZATION_LEVEL = "-Owholemodule";
				TARGETED_DEVICE_FAMILY = "1,2";
				VALIDATE_PRODUCT = YES;
			};
			name = Release;
		};
		26951C421AFB401B007B0E07 /* Debug */ = {
			isa = XCBuildConfiguration;
			baseConfigurationReference = 7676E6795FC34791C025C4B0 /* Pods-Crust-CrustTests.debug.xcconfig */;
			buildSettings = {
				ALWAYS_EMBED_SWIFT_STANDARD_LIBRARIES = YES;
				CLANG_ENABLE_MODULES = YES;
				"CODE_SIGN_IDENTITY[sdk=iphoneos*]" = "";
				FRAMEWORK_SEARCH_PATHS = "$(inherited)";
				GCC_PREPROCESSOR_DEFINITIONS = (
					"DEBUG=1",
					"$(inherited)",
				);
				INFOPLIST_FILE = CrustTests/Info.plist;
				LD_RUNPATH_SEARCH_PATHS = "$(inherited) @executable_path/Frameworks @loader_path/Frameworks $(FRAMEWORK_SEARCH_PATHS)";
				PRODUCT_BUNDLE_IDENTIFIER = "Crust.$(PRODUCT_NAME:rfc1034identifier)";
				PRODUCT_NAME = "$(TARGET_NAME)";
				SWIFT_OPTIMIZATION_LEVEL = "-Onone";
				SWIFT_VERSION = 3.0;
			};
			name = Debug;
		};
		26951C431AFB401B007B0E07 /* Release */ = {
			isa = XCBuildConfiguration;
			baseConfigurationReference = CE09890A415010E6701B39AE /* Pods-Crust-CrustTests.release.xcconfig */;
			buildSettings = {
				ALWAYS_EMBED_SWIFT_STANDARD_LIBRARIES = YES;
				CLANG_ENABLE_MODULES = YES;
				"CODE_SIGN_IDENTITY[sdk=iphoneos*]" = "";
				FRAMEWORK_SEARCH_PATHS = "$(inherited)";
				INFOPLIST_FILE = CrustTests/Info.plist;
				LD_RUNPATH_SEARCH_PATHS = "$(inherited) @executable_path/Frameworks @loader_path/Frameworks $(FRAMEWORK_SEARCH_PATHS)";
				PRODUCT_BUNDLE_IDENTIFIER = "Crust.$(PRODUCT_NAME:rfc1034identifier)";
				PRODUCT_NAME = "$(TARGET_NAME)";
				SWIFT_VERSION = 3.0;
			};
			name = Release;
		};
/* End XCBuildConfiguration section */

/* Begin XCConfigurationList section */
		175C9A3F1C311D8400B0D6E7 /* Build configuration list for PBXNativeTarget "Crust" */ = {
			isa = XCConfigurationList;
			buildConfigurations = (
				175C9A401C311D8400B0D6E7 /* Debug */,
				175C9A411C311D8400B0D6E7 /* Release */,
			);
			defaultConfigurationIsVisible = 0;
			defaultConfigurationName = Release;
		};
		1767B72E1DF776FD00DE693C /* Build configuration list for PBXNativeTarget "RealmCrustTests" */ = {
			isa = XCConfigurationList;
			buildConfigurations = (
				1767B72F1DF776FD00DE693C /* Debug */,
				1767B7301DF776FD00DE693C /* Release */,
			);
			defaultConfigurationIsVisible = 0;
			defaultConfigurationName = Release;
		};
		26951C1A1AFB401A007B0E07 /* Build configuration list for PBXProject "Crust" */ = {
			isa = XCConfigurationList;
			buildConfigurations = (
				26951C3C1AFB401B007B0E07 /* Debug */,
				26951C3D1AFB401B007B0E07 /* Release */,
			);
			defaultConfigurationIsVisible = 0;
			defaultConfigurationName = Release;
		};
		26951C411AFB401B007B0E07 /* Build configuration list for PBXNativeTarget "CrustTests" */ = {
			isa = XCConfigurationList;
			buildConfigurations = (
				26951C421AFB401B007B0E07 /* Debug */,
				26951C431AFB401B007B0E07 /* Release */,
			);
			defaultConfigurationIsVisible = 0;
			defaultConfigurationName = Release;
		};
/* End XCConfigurationList section */
	};
	rootObject = 26951C171AFB401A007B0E07 /* Project object */;
}
