{
  "object": {
    "pins": [
      {
        "package": "JSONValue",
        "repositoryURL": "https://github.com/rexmas/JSONValue.git",
        "state": {
          "branch": null,
          "revision": "68d0150068fae0502dda6f599c7063e2705b6795",
          "version": "7.0.0"
        }
      }
    ]
  },
  "version": 1
}
