{
  "object": {
    "pins": [
      {
        "package": "JSONValue",
        "repositoryURL": "https://github.com/rexmas/JSONValue.git",
        "state": {
          "branch": null,
          "revision": "e7648a3aa5036f70376605419605263a48f15fdb",
          "version": "5.0.0"
        }
      }
    ]
  },
  "version": 1
}
