{
  "object": {
    "pins": [
      {
        "package": "JSONValue",
        "repositoryURL": "https://github.com/rexmas/JSONValue.git",
        "state": {
          "branch": null,
          "revision": "2c7d7823ef4fcc77dde779492005ba100afabc6e",
          "version": "6.2.0"
        }
      }
    ]
  },
  "version": 1
}
