PODS:
  - JSONValueRX (6.2.0)
  - Realm (4.3.2):
    - Realm/Headers (= 4.3.2)
  - Realm/Headers (4.3.2)
  - RealmSwift (4.3.2):
    - Realm (= 4.3.2)

DEPENDENCIES:
  - JSONValueRX (~> 6.2.0)
  - RealmSwift

SPEC REPOS:
  trunk:
    - JSONValueRX
    - Realm
    - RealmSwift

SPEC CHECKSUMS:
  JSONValueRX: ad3391c64d6294bae694f14903c58092e24f4a8d
  Realm: 5e92902e2875dff4bb0fd02f67bb737c3d5db2bc
  RealmSwift: 9a360fc7bae04fc2e308a34fbd899d5faa2d6b22

PODFILE CHECKSUM: aa07cc9e0d89de78fc065ca3c5a1166a973d8055

COCOAPODS: 1.9.0
