PODS:
  - JSONValueRX (4.0.0)
  - Realm (3.3.2):
    - Realm/Headers (= 3.3.2)
  - Realm/Headers (3.3.2)
  - RealmSwift (3.3.2):
    - Realm (= 3.3.2)

DEPENDENCIES:
  - JSONValueRX (~> 4.0.0)
  - RealmSwift

SPEC REPOS:
  https://github.com/CocoaPods/Specs.git:
    - JSONValueRX
    - Realm
    - RealmSwift

SPEC CHECKSUMS:
  JSONValueRX: 2dc8e867576144f609b30de5c20e96768e57a774
  Realm: d927fbf66df5532cfafc08afb5f7e53ded37b894
  RealmSwift: 4e903a494e05d866581d69ad6f7e7b879d446baf

PODFILE CHECKSUM: c10b55aa70ff64403f66788357a9d1d9120f2fb6

COCOAPODS: 1.5.0
